
Microsoft Visual Studio Solution File, Format Version 12.00
# Visual Studio Version 16
VisualStudioVersion = 16.0.31205.134
MinimumVisualStudioVersion = 10.0.40219.1
Project("{9A19103F-16F7-4668-BE54-9A1E7A4F7556}") = "azure-functions-csharp-blob-out-binding", "azure-functions-csharp-blob-out-binding\azure-functions-csharp-blob-out-binding.csproj", "{F39D4866-49A9-479F-A1BD-A3A9FE0D7658}"
EndProject
Global
	GlobalSection(SolutionConfigurationPlatforms) = preSolution
		Debug|Any CPU = Debug|Any CPU
		Release|Any CPU = Release|Any CPU
	EndGlobalSection
	GlobalSection(ProjectConfigurationPlatforms) = postSolution
		{F39D4866-49A9-479F-A1BD-A3A9FE0D7658}.Debug|Any CPU.ActiveCfg = Debug|Any CPU
		{F39D4866-49A9-479F-A1BD-A3A9FE0D7658}.Debug|Any CPU.Build.0 = Debug|Any CPU
		{F39D4866-49A9-479F-A1BD-A3A9FE0D7658}.Release|Any CPU.ActiveCfg = Release|Any CPU
		{F39D4866-49A9-479F-A1BD-A3A9FE0D7658}.Release|Any CPU.Build.0 = Release|Any CPU
	EndGlobalSection
	GlobalSection(SolutionProperties) = preSolution
		HideSolutionNode = FALSE
	EndGlobalSection
	GlobalSection(ExtensibilityGlobals) = postSolution
		SolutionGuid = {CF6086D7-8F93-40C9-9BCC-B024D581D0B7}
	EndGlobalSection
EndGlobal
